
Microsoft Visual Studio Solution File, Format Version 12.00
# Visual Studio Version 16
VisualStudioVersion = 16.0.30804.86
MinimumVisualStudioVersion = 10.0.40219.1
Project("{FAE04EC0-301F-11D3-BF4B-00C04F79EFBC}") = "Что-то для демо демо экзамена", "Что-то для демо демо экзамена.csproj", "{9245B514-76A9-4D94-B9A2-D2875FFB6A68}"
EndProject
Global
	GlobalSection(SolutionConfigurationPlatforms) = preSolution
		Debug|Any CPU = Debug|Any CPU
		Release|Any CPU = Release|Any CPU
	EndGlobalSection
	GlobalSection(ProjectConfigurationPlatforms) = postSolution
		{9245B514-76A9-4D94-B9A2-D2875FFB6A68}.Debug|Any CPU.ActiveCfg = Debug|Any CPU
		{9245B514-76A9-4D94-B9A2-D2875FFB6A68}.Debug|Any CPU.Build.0 = Debug|Any CPU
		{9245B514-76A9-4D94-B9A2-D2875FFB6A68}.Release|Any CPU.ActiveCfg = Release|Any CPU
		{9245B514-76A9-4D94-B9A2-D2875FFB6A68}.Release|Any CPU.Build.0 = Release|Any CPU
	EndGlobalSection
	GlobalSection(SolutionProperties) = preSolution
		HideSolutionNode = FALSE
	EndGlobalSection
	GlobalSection(ExtensibilityGlobals) = postSolution
		SolutionGuid = {681D1FE1-4539-4B19-975C-8E503554DBED}
	EndGlobalSection
EndGlobal
